
Microsoft Visual Studio Solution File, Format Version 12.00
# Visual Studio Version 17
VisualStudioVersion = 17.1.32228.430
MinimumVisualStudioVersion = 10.0.40219.1
Project("{9A19103F-16F7-4668-BE54-9A1E7A4F7556}") = "kriostat.pl", "kriostat.pl\kriostat.pl.csproj", "{4B4711B5-E7DB-4844-A21A-E478B747DF7A}"
EndProject
Project("{FAE04EC0-301F-11D3-BF4B-00C04F79EFBC}") = "Kriostat.Lib.Common", "Lib\Kriostat.Lib.Common\Kriostat.Lib.Common.csproj", "{26145907-04DE-491E-ABE3-AB1D8BA1A6AA}"
EndProject
Project("{2150E333-8FDC-42A3-9474-1A3956D46DE8}") = "Lib", "Lib", "{779698E4-EE59-4D50-93A0-5D30EBCB5942}"
EndProject
Project("{2150E333-8FDC-42A3-9474-1A3956D46DE8}") = "BooksRepository", "BooksRepository", "{CE4B63DB-053E-445B-90B2-81AEEFDB8D16}"
	ProjectSection(SolutionItems) = preProject
		kriostat.pl\DataBase\BookRepositoryFS.cs = kriostat.pl\DataBase\BookRepositoryFS.cs
	EndProjectSection
EndProject
Project("{FAE04EC0-301F-11D3-BF4B-00C04F79EFBC}") = "Kriostat.Lib.BooksRepository.FS", "Lib\BooksRepository\Kriostat.Lib.BooksRepository.FS\Kriostat.Lib.BooksRepository.FS.csproj", "{6DD23C59-2B5A-4B55-8140-9434AD726AEE}"
EndProject
Global
	GlobalSection(SolutionConfigurationPlatforms) = preSolution
		Debug|Any CPU = Debug|Any CPU
		Release|Any CPU = Release|Any CPU
	EndGlobalSection
	GlobalSection(ProjectConfigurationPlatforms) = postSolution
		{4B4711B5-E7DB-4844-A21A-E478B747DF7A}.Debug|Any CPU.ActiveCfg = Debug|Any CPU
		{4B4711B5-E7DB-4844-A21A-E478B747DF7A}.Debug|Any CPU.Build.0 = Debug|Any CPU
		{4B4711B5-E7DB-4844-A21A-E478B747DF7A}.Release|Any CPU.ActiveCfg = Release|Any CPU
		{4B4711B5-E7DB-4844-A21A-E478B747DF7A}.Release|Any CPU.Build.0 = Release|Any CPU
		{26145907-04DE-491E-ABE3-AB1D8BA1A6AA}.Debug|Any CPU.ActiveCfg = Debug|Any CPU
		{26145907-04DE-491E-ABE3-AB1D8BA1A6AA}.Debug|Any CPU.Build.0 = Debug|Any CPU
		{26145907-04DE-491E-ABE3-AB1D8BA1A6AA}.Release|Any CPU.ActiveCfg = Release|Any CPU
		{26145907-04DE-491E-ABE3-AB1D8BA1A6AA}.Release|Any CPU.Build.0 = Release|Any CPU
		{6DD23C59-2B5A-4B55-8140-9434AD726AEE}.Debug|Any CPU.ActiveCfg = Debug|Any CPU
		{6DD23C59-2B5A-4B55-8140-9434AD726AEE}.Debug|Any CPU.Build.0 = Debug|Any CPU
		{6DD23C59-2B5A-4B55-8140-9434AD726AEE}.Release|Any CPU.ActiveCfg = Release|Any CPU
		{6DD23C59-2B5A-4B55-8140-9434AD726AEE}.Release|Any CPU.Build.0 = Release|Any CPU
	EndGlobalSection
	GlobalSection(SolutionProperties) = preSolution
		HideSolutionNode = FALSE
	EndGlobalSection
	GlobalSection(NestedProjects) = preSolution
		{26145907-04DE-491E-ABE3-AB1D8BA1A6AA} = {779698E4-EE59-4D50-93A0-5D30EBCB5942}
		{CE4B63DB-053E-445B-90B2-81AEEFDB8D16} = {779698E4-EE59-4D50-93A0-5D30EBCB5942}
		{6DD23C59-2B5A-4B55-8140-9434AD726AEE} = {CE4B63DB-053E-445B-90B2-81AEEFDB8D16}
	EndGlobalSection
	GlobalSection(ExtensibilityGlobals) = postSolution
		SolutionGuid = {8C07D0B3-1D5E-43D7-A9F4-73284691F17A}
	EndGlobalSection
EndGlobal
